
Microsoft Visual Studio Solution File, Format Version 12.00
# Visual Studio 2013
VisualStudioVersion = 12.0.30501.0
MinimumVisualStudioVersion = 10.0.40219.1
Project("{FAE04EC0-301F-11D3-BF4B-00C04F79EFBC}") = "ZhihuDaily2Epub", "ZhihuDaily2Epub\ZhihuDaily2Epub.csproj", "{2BFADF84-F707-4B16-9B77-89A7158FEB02}"
EndProject
Project("{FAE04EC0-301F-11D3-BF4B-00C04F79EFBC}") = "ZhihuDaily2Epub.Web", "ZhihuDaily2Epub.Web\ZhihuDaily2Epub.Web.csproj", "{D49B3479-F283-4783-9CC5-389CBC57248A}"
EndProject
Project("{FAE04EC0-301F-11D3-BF4B-00C04F79EFBC}") = "DotNetEpub", "DotNetEpub\DotNetEpub.csproj", "{6C5394D8-570C-40E6-A457-CF864897FD25}"
EndProject
Project("{FAE04EC0-301F-11D3-BF4B-00C04F79EFBC}") = "ZhihuDaily2Epub.Test", "ZhihuDaily2Epub.Test\ZhihuDaily2Epub.Test.csproj", "{E6C07394-1F77-4AB3-A16F-CB463350A905}"
EndProject
Project("{2150E333-8FDC-42A3-9474-1A3956D46DE8}") = "Doc", "Doc", "{11553419-23C4-4BE4-A504-2EB66E7BF290}"
	ProjectSection(SolutionItems) = preProject
		README.md = README.md
	EndProjectSection
EndProject
Global
	GlobalSection(SolutionConfigurationPlatforms) = preSolution
		Debug|Any CPU = Debug|Any CPU
		Release|Any CPU = Release|Any CPU
	EndGlobalSection
	GlobalSection(ProjectConfigurationPlatforms) = postSolution
		{2BFADF84-F707-4B16-9B77-89A7158FEB02}.Debug|Any CPU.ActiveCfg = Debug|Any CPU
		{2BFADF84-F707-4B16-9B77-89A7158FEB02}.Debug|Any CPU.Build.0 = Debug|Any CPU
		{2BFADF84-F707-4B16-9B77-89A7158FEB02}.Release|Any CPU.ActiveCfg = Release|Any CPU
		{2BFADF84-F707-4B16-9B77-89A7158FEB02}.Release|Any CPU.Build.0 = Release|Any CPU
		{D49B3479-F283-4783-9CC5-389CBC57248A}.Debug|Any CPU.ActiveCfg = Debug|Any CPU
		{D49B3479-F283-4783-9CC5-389CBC57248A}.Debug|Any CPU.Build.0 = Debug|Any CPU
		{D49B3479-F283-4783-9CC5-389CBC57248A}.Release|Any CPU.ActiveCfg = Release|Any CPU
		{D49B3479-F283-4783-9CC5-389CBC57248A}.Release|Any CPU.Build.0 = Release|Any CPU
		{6C5394D8-570C-40E6-A457-CF864897FD25}.Debug|Any CPU.ActiveCfg = Debug|Any CPU
		{6C5394D8-570C-40E6-A457-CF864897FD25}.Debug|Any CPU.Build.0 = Debug|Any CPU
		{6C5394D8-570C-40E6-A457-CF864897FD25}.Release|Any CPU.ActiveCfg = Release|Any CPU
		{6C5394D8-570C-40E6-A457-CF864897FD25}.Release|Any CPU.Build.0 = Release|Any CPU
		{E6C07394-1F77-4AB3-A16F-CB463350A905}.Debug|Any CPU.ActiveCfg = Debug|Any CPU
		{E6C07394-1F77-4AB3-A16F-CB463350A905}.Debug|Any CPU.Build.0 = Debug|Any CPU
		{E6C07394-1F77-4AB3-A16F-CB463350A905}.Release|Any CPU.ActiveCfg = Release|Any CPU
		{E6C07394-1F77-4AB3-A16F-CB463350A905}.Release|Any CPU.Build.0 = Release|Any CPU
	EndGlobalSection
	GlobalSection(SolutionProperties) = preSolution
		HideSolutionNode = FALSE
	EndGlobalSection
EndGlobal
